<Solution>
  <Folder Name="/Demos/">
    <Project Path="Demos/Alife.Demo.DeskPet/Alife.Demo.DeskPet.csproj" />
    <Project Path="Demos/Alife.Demo.Framework/Alife.Demo.Framework.csproj" />
    <Project Path="Demos/Alife.Demo.Mcp/Alife.Demo.Mcp.csproj" />
    <Project Path="Demos/Alife.Demo.Memory/Alife.Demo.Memory.csproj" />
    <Project Path="Demos/Alife.Demo.Plugin/Alife.Demo.Plugin.csproj" />
    <Project Path="Demos/Alife.Demo.PluginMarket/Alife.Demo.PluginMarket.csproj" />
    <Project Path="Demos/Alife.Demo.Python/Alife.Demo.Python.csproj" />
    <Project Path="Demos/Alife.Demo.QChat/Alife.Demo.QChat.csproj" />
    <Project Path="Demos/Alife.Demo.Speech/Alife.Demo.Speech.csproj" />
    <Project Path="Demos/Alife.Demo.SkillIntegration/Alife.Demo.SkillIntegration.csproj" />
    <Project Path="Demos/Alife.Demo.Surfing/Alife.Demo.Surfing.csproj" />
    <Project Path="Demos/Alife.Demo.Vision/Alife.Demo.Vision.csproj" />
  </Folder>
  <Folder Name="/Sources/Alife.Function/Environment/">
    <Project Path="Sources/Alife.Function/Alife.Function.Memory/Alife.Function.Memory.csproj" />
    <Project Path="Sources/Alife.Function/Alife.Function.MessageFilter/Alife.Function.MessageFilter.csproj" />
    <Project Path="Sources/Alife.Function/Alife.Function.Developer/Alife.Function.Developer.csproj" />
    <Project Path="Sources/Alife.Function/Alife.Function.SystemEvent/Alife.Function.SystemEvent.csproj" />
    <Project Path="Sources/Alife.Function/Alife.Function.VirtualWorld/Alife.Function.VirtualWorld.csproj" />
  </Folder>
  <Folder Name="/Sources/Alife.Function/Infrastructure/">
    <Project Path="Sources/Alife.Function/Alife.Function.FunctionCaller/Alife.Function.FunctionCaller.csproj" />
    <Project Path="Sources/Alife.Function/Alife.Function.Mcp/Alife.Function.Mcp.csproj" />
    <Project Path="Sources/Alife.Function/Alife.Function.Skill/Alife.Function.Skill.csproj" />
  </Folder>
  <Folder Name="/Sources/Alife.DeskPet/">
    <Project Path="Sources/Alife.DeskPet/Alife.DeskPet.Client/Alife.DeskPet.Client.csproj" />
    <Project Path="Sources/Alife.DeskPet/Alife.DeskPet.Protocol/Alife.DeskPet.Protocol.csproj" />
  </Folder>
  <Folder Name="/Sources/Alife.Function/Instrument/">
    <Project Path="Sources/Alife.Function/Alife.Function.Browser/Alife.Function.Browser.csproj" />
    <Project Path="Sources/Alife.Function/Alife.Function.Python/Alife.Function.Python.csproj" />
    <Project Path="Sources/Alife.Function/Alife.Function.Vision/Alife.Function.Vision.csproj" />
  </Folder>
  <Folder Name="/Sources/Alife.Function/Interaction/">
    <Project Path="Sources/Alife.Function/Alife.Function.Auditory/Alife.Function.Auditory.csproj" />
    <Project Path="Sources/Alife.Function/Alife.Function.DeskPet/Alife.Function.DeskPet.csproj" />
    <Project Path="Sources/Alife.Function/Alife.Function.QChat/Alife.Function.QChat.csproj" />
    <Project Path="Sources/Alife.Function/Alife.Function.Speech/Alife.Function.Speech.csproj" />
  </Folder>
  <Folder Name="/Sources/Alife.Function/Models/">
    <Project Path="Sources/Alife.Function/Alife.Function.AIModelUtility/Alife.Function.AIModelUtility.csproj" />
    <Project Path="Sources/Alife.Function/Alife.Function.Auditory.SenseVoice/Alife.Function.Auditory.SenseVoice.csproj" />
    <Project Path="Sources/Alife.Function/Alife.Function.Speech.EdgeTTS/Alife.Function.Speech.EdgeTTS.csproj" />
    <Project Path="Sources/Alife.Function/Alife.Function.Speech.Genie/Alife.Function.Speech.Genie.csproj" />
    <Project Path="Sources/Alife.Function/Alife.Function.Speech.VITS/Alife.Function.Speech.VITS.csproj" />
    <Project Path="Sources/Alife.Function/Alife.Function.Vision.MiniCPM/Alife.Function.Vision.MiniCPM.csproj" />
    <Project Path="Sources/Alife.Function/Alife.Function.Vision.OpenAI/Alife.Function.Vision.OpenAI.csproj" />
    <Project Path="Sources/Alife.Function/Alife.Function.Vision.Qwen/Alife.Function.Vision.Qwen.csproj" />
  </Folder>
  <Folder Name="/Sources/Alife/">
    <Project Path="Sources/Alife/Alife.Client/Alife.Client.csproj" />
    <Project Path="Sources/Alife/Alife.Framework/Alife.Framework.csproj" />
    <Project Path="Sources/Alife/Alife.Platform/Alife.Platform.csproj" />
    <Project Path="Sources/Alife/Alife.PluginMarket/Alife.PluginMarket.csproj" />
  </Folder>
  <Folder Name="/Tests/">
    <Project Path="Tests/Alife.Test.Browser/Alife.Test.Browser.csproj" />
    <Project Path="Tests/Alife.Test.DeskPet/Alife.Test.DeskPet.csproj" />
    <Project Path="Tests/Alife.Test.Interpreter/Alife.Test.Interpreter.csproj" />
    <Project Path="Tests/Alife.Test.Python/Alife.Test.Python.csproj" />
    <Project Path="Tests/Alife.Test.PythonPipe/Alife.Test.PythonPipe.csproj" />
    <Project Path="Tests/Alife.Test.QChat/Alife.Test.QChat.csproj" />
    <Project Path="Tests/Alife.Test.Speech/Alife.Test.Speech.csproj" />
  </Folder>
  <Folder Name="/Sources/" />
  <Folder Name="/Sources/Alife.Function/" />
</Solution>